
Microsoft Visual Studio Solution File, Format Version 12.00
# Visual Studio 14
VisualStudioVersion = 14.0.23107.0
MinimumVisualStudioVersion = 10.0.40219.1
Project("{FAE04EC0-301F-11D3-BF4B-00C04F79EFBC}") = "ec.Roadrunner.WebAPI", "ec.Roadrunner.WebAPI\ec.Roadrunner.WebAPI.csproj", "{D64152CE-CC43-444A-B46A-7B38278D4DAE}"
EndProject
Project("{FAE04EC0-301F-11D3-BF4B-00C04F79EFBC}") = "ec.Roadrunner.WebAPI.Tests", "ec.Roadrunner.WebAPI.Tests\ec.Roadrunner.WebAPI.Tests.csproj", "{8A2B5B12-F507-420E-AC6B-CBB48CE45FF4}"
EndProject
Project("{E24C65DC-7377-472B-9ABA-BC803B73C61A}") = "ec.WebClient", "ec.WebClient\", "{D4444043-6B1C-48B7-845C-F6DCB3DADB9E}"
	ProjectSection(WebsiteProperties) = preProject
		TargetFrameworkMoniker = ".NETFramework,Version%3Dv4.6"
		Debug.AspNetCompiler.VirtualPath = "/localhost_1541"
		Debug.AspNetCompiler.PhysicalPath = "ec.WebClient\"
		Debug.AspNetCompiler.TargetPath = "PrecompiledWeb\localhost_1541\"
		Debug.AspNetCompiler.Updateable = "true"
		Debug.AspNetCompiler.ForceOverwrite = "true"
		Debug.AspNetCompiler.FixedNames = "false"
		Debug.AspNetCompiler.Debug = "True"
		Release.AspNetCompiler.VirtualPath = "/localhost_1541"
		Release.AspNetCompiler.PhysicalPath = "ec.WebClient\"
		Release.AspNetCompiler.TargetPath = "PrecompiledWeb\localhost_1541\"
		Release.AspNetCompiler.Updateable = "true"
		Release.AspNetCompiler.ForceOverwrite = "true"
		Release.AspNetCompiler.FixedNames = "false"
		Release.AspNetCompiler.Debug = "False"
		VWDPort = "1541"
		SlnRelativePath = "ec.WebClient\"
	EndProjectSection
EndProject
Global
	GlobalSection(SolutionConfigurationPlatforms) = preSolution
		Debug|Any CPU = Debug|Any CPU
		Release|Any CPU = Release|Any CPU
	EndGlobalSection
	GlobalSection(ProjectConfigurationPlatforms) = postSolution
		{D64152CE-CC43-444A-B46A-7B38278D4DAE}.Debug|Any CPU.ActiveCfg = Debug|Any CPU
		{D64152CE-CC43-444A-B46A-7B38278D4DAE}.Debug|Any CPU.Build.0 = Debug|Any CPU
		{D64152CE-CC43-444A-B46A-7B38278D4DAE}.Release|Any CPU.ActiveCfg = Release|Any CPU
		{D64152CE-CC43-444A-B46A-7B38278D4DAE}.Release|Any CPU.Build.0 = Release|Any CPU
		{8A2B5B12-F507-420E-AC6B-CBB48CE45FF4}.Debug|Any CPU.ActiveCfg = Debug|Any CPU
		{8A2B5B12-F507-420E-AC6B-CBB48CE45FF4}.Debug|Any CPU.Build.0 = Debug|Any CPU
		{8A2B5B12-F507-420E-AC6B-CBB48CE45FF4}.Release|Any CPU.ActiveCfg = Release|Any CPU
		{8A2B5B12-F507-420E-AC6B-CBB48CE45FF4}.Release|Any CPU.Build.0 = Release|Any CPU
		{D4444043-6B1C-48B7-845C-F6DCB3DADB9E}.Debug|Any CPU.ActiveCfg = Debug|Any CPU
		{D4444043-6B1C-48B7-845C-F6DCB3DADB9E}.Debug|Any CPU.Build.0 = Debug|Any CPU
		{D4444043-6B1C-48B7-845C-F6DCB3DADB9E}.Release|Any CPU.ActiveCfg = Debug|Any CPU
		{D4444043-6B1C-48B7-845C-F6DCB3DADB9E}.Release|Any CPU.Build.0 = Debug|Any CPU
	EndGlobalSection
	GlobalSection(SolutionProperties) = preSolution
		HideSolutionNode = FALSE
	EndGlobalSection
EndGlobal
